
Microsoft Visual Studio Solution File, Format Version 12.00
# Visual Studio Version 17
VisualStudioVersion = 17.7.34024.191
MinimumVisualStudioVersion = 10.0.40219.1
Project("{FAE04EC0-301F-11D3-BF4B-00C04F79EFBC}") = "csharp-oop-shop", "csharp-oop-shop.csproj", "{0D37E265-5002-4FD1-AB3F-A6B4BF7495D5}"
EndProject
Global
	GlobalSection(SolutionConfigurationPlatforms) = preSolution
		Debug|Any CPU = Debug|Any CPU
		Release|Any CPU = Release|Any CPU
	EndGlobalSection
	GlobalSection(ProjectConfigurationPlatforms) = postSolution
		{0D37E265-5002-4FD1-AB3F-A6B4BF7495D5}.Debug|Any CPU.ActiveCfg = Debug|Any CPU
		{0D37E265-5002-4FD1-AB3F-A6B4BF7495D5}.Debug|Any CPU.Build.0 = Debug|Any CPU
		{0D37E265-5002-4FD1-AB3F-A6B4BF7495D5}.Release|Any CPU.ActiveCfg = Release|Any CPU
		{0D37E265-5002-4FD1-AB3F-A6B4BF7495D5}.Release|Any CPU.Build.0 = Release|Any CPU
	EndGlobalSection
	GlobalSection(SolutionProperties) = preSolution
		HideSolutionNode = FALSE
	EndGlobalSection
	GlobalSection(ExtensibilityGlobals) = postSolution
		SolutionGuid = {69C8A254-78C5-4862-8B1D-04EDEFDED9AD}
	EndGlobalSection
EndGlobal
